// !$*UTF8*$!
{
	archiveVersion = 1;
	classes = {
	};
	objectVersion = 50;
	objects = {

/* Begin PBXBuildFile section */
		173EE41221E4C41B0025D05B /* AppDelegate.swift in Sources */ = {isa = PBXBuildFile; fileRef = 173EE41121E4C41B0025D05B /* AppDelegate.swift */; };
		173EE41421E4C41B0025D05B /* ViewController.swift in Sources */ = {isa = PBXBuildFile; fileRef = 173EE41321E4C41B0025D05B /* ViewController.swift */; };
		173EE41721E4C41B0025D05B /* Main.storyboard in Resources */ = {isa = PBXBuildFile; fileRef = 173EE41521E4C41B0025D05B /* Main.storyboard */; };
		173EE41921E4C41C0025D05B /* Assets.xcassets in Resources */ = {isa = PBXBuildFile; fileRef = 173EE41821E4C41C0025D05B /* Assets.xcassets */; };
		173EE41C21E4C41C0025D05B /* LaunchScreen.storyboard in Resources */ = {isa = PBXBuildFile; fileRef = 173EE41A21E4C41C0025D05B /* LaunchScreen.storyboard */; };
		17E8C32021E4C5D900FB721C /* ViewController3.swift in Sources */ = {isa = PBXBuildFile; fileRef = 17E8C31F21E4C5D900FB721C /* ViewController3.swift */; };
		17E8C32221E4D0F900FB721C /* ViewController2.swift in Sources */ = {isa = PBXBuildFile; fileRef = 17E8C32121E4D0F900FB721C /* ViewController2.swift */; };
/* End PBXBuildFile section */

/* Begin PBXFileReference section */
		173EE40E21E4C41B0025D05B /* PageTransitions.app */ = {isa = PBXFileReference; explicitFileType = wrapper.application; includeInIndex = 0; path = PageTransitions.app; sourceTree = BUILT_PRODUCTS_DIR; };
		173EE41121E4C41B0025D05B /* AppDelegate.swift */ = {isa = PBXFileReference; lastKnownFileType = sourcecode.swift; path = AppDelegate.swift; sourceTree = "<group>"; };
		173EE41321E4C41B0025D05B /* ViewController.swift */ = {isa = PBXFileReference; lastKnownFileType = sourcecode.swift; path = ViewController.swift; sourceTree = "<group>"; };
		173EE41621E4C41B0025D05B /* Base */ = {isa = PBXFileReference; lastKnownFileType = file.storyboard; name = Base; path = Base.lproj/Main.storyboard; sourceTree = "<group>"; };
		173EE41821E4C41C0025D05B /* Assets.xcassets */ = {isa = PBXFileReference; lastKnownFileType = folder.assetcatalog; path = Assets.xcassets; sourceTree = "<group>"; };
		173EE41B21E4C41C0025D05B /* Base */ = {isa = PBXFileReference; lastKnownFileType = file.storyboard; name = Base; path = Base.lproj/LaunchScreen.storyboard; sourceTree = "<group>"; };
		173EE41D21E4C41C0025D05B /* Info.plist */ = {isa = PBXFileReference; lastKnownFileType = text.plist.xml; path = Info.plist; sourceTree = "<group>"; };
		17E8C31F21E4C5D900FB721C /* ViewController3.swift */ = {isa = PBXFileReference; lastKnownFileType = sourcecode.swift; path = ViewController3.swift; sourceTree = "<group>"; };
		17E8C32121E4D0F900FB721C /* ViewController2.swift */ = {isa = PBXFileReference; lastKnownFileType = sourcecode.swift; path = ViewController2.swift; sourceTree = "<group>"; };
/* End PBXFileReference section */

/* Begin PBXFrameworksBuildPhase section */
		173EE40B21E4C41B0025D05B /* Frameworks */ = {
			isa = PBXFrameworksBuildPhase;
			buildActionMask = 2147483647;
			files = (
			);
			runOnlyForDeploymentPostprocessing = 0;
		};
/* End PBXFrameworksBuildPhase section */

/* Begin PBXGroup section */
		173EE40521E4C41B0025D05B = {
			isa = PBXGroup;
			children = (
				173EE41021E4C41B0025D05B /* PageTransitions */,
				173EE40F21E4C41B0025D05B /* Products */,
			);
			sourceTree = "<group>";
		};
		173EE40F21E4C41B0025D05B /* Products */ = {
			isa = PBXGroup;
			children = (
				173EE40E21E4C41B0025D05B /* PageTransitions.app */,
			);
			name = Products;
			sourceTree = "<group>";
		};
		173EE41021E4C41B0025D05B /* PageTransitions */ = {
			isa = PBXGroup;
			children = (
				173EE41121E4C41B0025D05B /* AppDelegate.swift */,
				173EE41321E4C41B0025D05B /* ViewController.swift */,
				173EE41521E4C41B0025D05B /* Main.storyboard */,
				173EE41821E4C41C0025D05B /* Assets.xcassets */,
				173EE41A21E4C41C0025D05B /* LaunchScreen.storyboard */,
				173EE41D21E4C41C0025D05B /* Info.plist */,
				17E8C31F21E4C5D900FB721C /* ViewController3.swift */,
				17E8C32121E4D0F900FB721C /* ViewController2.swift */,
			);
			path = PageTransitions;
			sourceTree = "<group>";
		};
/* End PBXGroup section */

/* Begin PBXNativeTarget section */
		173EE40D21E4C41B0025D05B /* PageTransitions */ = {
			isa = PBXNativeTarget;
			buildConfigurationList = 173EE42021E4C41C0025D05B /* Build configuration list for PBXNativeTarget "PageTransitions" */;
			buildPhases = (
				173EE40A21E4C41B0025D05B /* Sources */,
				173EE40B21E4C41B0025D05B /* Frameworks */,
				173EE40C21E4C41B0025D05B /* Resources */,
			);
			buildRules = (
			);
			dependencies = (
			);
			name = PageTransitions;
			productName = PageTransitions;
			productReference = 173EE40E21E4C41B0025D05B /* PageTransitions.app */;
			productType = "com.apple.product-type.application";
		};
/* End PBXNativeTarget section */

/* Begin PBXProject section */
		173EE40621E4C41B0025D05B /* Project object */ = {
			isa = PBXProject;
			attributes = {
				LastSwiftUpdateCheck = 1010;
				LastUpgradeCheck = 1010;
				ORGANIZATIONNAME = REVS;
				TargetAttributes = {
					173EE40D21E4C41B0025D05B = {
						CreatedOnToolsVersion = 10.1;
					};
				};
			};
			buildConfigurationList = 173EE40921E4C41B0025D05B /* Build configuration list for PBXProject "PageTransitions" */;
			compatibilityVersion = "Xcode 9.3";
			developmentRegion = en;
			hasScannedForEncodings = 0;
			knownRegions = (
				en,
				Base,
			);
			mainGroup = 173EE40521E4C41B0025D05B;
			productRefGroup = 173EE40F21E4C41B0025D05B /* Products */;
			projectDirPath = "";
			projectRoot = "";
			targets = (
				173EE40D21E4C41B0025D05B /* PageTransitions */,
			);
		};
/* End PBXProject section */

/* Begin PBXResourcesBuildPhase section */
		173EE40C21E4C41B0025D05B /* Resources */ = {
			isa = PBXResourcesBuildPhase;
			buildActionMask = 2147483647;
			files = (
				173EE41C21E4C41C0025D05B /* LaunchScreen.storyboard in Resources */,
				173EE41921E4C41C0025D05B /* Assets.xcassets in Resources */,
				173EE41721E4C41B0025D05B /* Main.storyboard in Resources */,
			);
			runOnlyForDeploymentPostprocessing = 0;
		};
/* End PBXResourcesBuildPhase section */

/* Begin PBXSourcesBuildPhase section */
		173EE40A21E4C41B0025D05B /* Sources */ = {
			isa = PBXSourcesBuildPhase;
			buildActionMask = 2147483647;
			files = (
				173EE41421E4C41B0025D05B /* ViewController.swift in Sources */,
				17E8C32221E4D0F900FB721C /* ViewController2.swift in Sources */,
				173EE41221E4C41B0025D05B /* AppDelegate.swift in Sources */,
				17E8C32021E4C5D900FB721C /* ViewController3.swift in Sources */,
			);
			runOnlyForDeploymentPostprocessing = 0;
		};
/* End PBXSourcesBuildPhase section */

/* Begin PBXVariantGroup section */
		173EE41521E4C41B0025D05B /* Main.storyboard */ = {
			isa = PBXVariantGroup;
			children = (
				173EE41621E4C41B0025D05B /* Base */,
			);
			name = Main.storyboard;
			sourceTree = "<group>";
		};
		173EE41A21E4C41C0025D05B /* LaunchScreen.storyboard */ = {
			isa = PBXVariantGroup;
			children = (
				173EE41B21E4C41C0025D05B /* Base */,
			);
			name = LaunchScreen.storyboard;
			sourceTree = "<group>";
		};
/* End PBXVariantGroup section */

/* Begin XCBuildConfiguration section */
		173EE41E21E4C41C0025D05B /* Debug */ = {
			isa = XCBuildConfiguration;
			buildSettings = {
				ALWAYS_SEARCH_USER_PATHS = NO;
				CLANG_ANALYZER_NONNULL = YES;
				CLANG_ANALYZER_NUMBER_OBJECT_CONVERSION = YES_AGGRESSIVE;
				CLANG_CXX_LANGUAGE_STANDARD = "gnu++14";
				CLANG_CXX_LIBRARY = "libc++";
				CLANG_ENABLE_MODULES = YES;
				CLANG_ENABLE_OBJC_ARC = YES;
				CLANG_ENABLE_OBJC_WEAK = YES;
				CLANG_WARN_BLOCK_CAPTURE_AUTORELEASING = YES;
				CLANG_WARN_BOOL_CONVERSION = YES;
				CLANG_WARN_COMMA = YES;
				CLANG_WARN_CONSTANT_CONVERSION = YES;
				CLANG_WARN_DEPRECATED_OBJC_IMPLEMENTATIONS = YES;
				CLANG_WARN_DIRECT_OBJC_ISA_USAGE = YES_ERROR;
				CLANG_WARN_DOCUMENTATION_COMMENTS = YES;
				CLANG_WARN_EMPTY_BODY = YES;
				CLANG_WARN_ENUM_CONVERSION = YES;
				CLANG_WARN_INFINITE_RECURSION = YES;
				CLANG_WARN_INT_CONVERSION = YES;
				CLANG_WARN_NON_LITERAL_NULL_CONVERSION = YES;
				CLANG_WARN_OBJC_IMPLICIT_RETAIN_SELF = YES;
				CLANG_WARN_OBJC_LITERAL_CONVERSION = YES;
				CLANG_WARN_OBJC_ROOT_CLASS = YES_ERROR;
				CLANG_WARN_RANGE_LOOP_ANALYSIS = YES;
				CLANG_WARN_STRICT_PROTOTYPES = YES;
				CLANG_WARN_SUSPICIOUS_MOVE = YES;
				CLANG_WARN_UNGUARDED_AVAILABILITY = YES_AGGRESSIVE;
				CLANG_WARN_UNREACHABLE_CODE = YES;
				CLANG_WARN__DUPLICATE_METHOD_MATCH = YES;
				CODE_SIGN_IDENTITY = "iPhone Developer";
				COPY_PHASE_STRIP = NO;
				DEBUG_INFORMATION_FORMAT = dwarf;
				ENABLE_STRICT_OBJC_MSGSEND = YES;
				ENABLE_TESTABILITY = YES;
				GCC_C_LANGUAGE_STANDARD = gnu11;
				GCC_DYNAMIC_NO_PIC = NO;
				GCC_NO_COMMON_BLOCKS = YES;
				GCC_OPTIMIZATION_LEVEL = 0;
				GCC_PREPROCESSOR_DEFINITIONS = (
					"DEBUG=1",
					"$(inherited)",
				);
				GCC_WARN_64_TO_32_BIT_CONVERSION = YES;
				GCC_WARN_ABOUT_RETURN_TYPE = YES_ERROR;
				GCC_WARN_UNDECLARED_SELECTOR = YES;
				GCC_WARN_UNINITIALIZED_AUTOS = YES_AGGRESSIVE;
				GCC_WARN_UNUSED_FUNCTION = YES;
				GCC_WARN_UNUSED_VARIABLE = YES;
				IPHONEOS_DEPLOYMENT_TARGET = 12.1;
				MTL_ENABLE_DEBUG_INFO = INCLUDE_SOURCE;
				MTL_FAST_MATH = YES;
				ONLY_ACTIVE_ARCH = YES;
				SDKROOT = iphoneos;
				SWIFT_ACTIVE_COMPILATION_CONDITIONS = DEBUG;
				SWIFT_OPTIMIZATION_LEVEL = "-Onone";
			};
			name = Debug;
		};
		173EE41F21E4C41C0025D05B /* Release */ = {
			isa = XCBuildConfiguration;
			buildSettings = {
				ALWAYS_SEARCH_USER_PATHS = NO;
				CLANG_ANALYZER_NONNULL = YES;
				CLANG_ANALYZER_NUMBER_OBJECT_CONVERSION = YES_AGGRESSIVE;
				CLANG_CXX_LANGUAGE_STANDARD = "gnu++14";
				CLANG_CXX_LIBRARY = "libc++";
				CLANG_ENABLE_MODULES = YES;
				CLANG_ENABLE_OBJC_ARC = YES;
				CLANG_ENABLE_OBJC_WEAK = YES;
				CLANG_WARN_BLOCK_CAPTURE_AUTORELEASING = YES;
				CLANG_WARN_BOOL_CONVERSION = YES;
				CLANG_WARN_COMMA = YES;
				CLANG_WARN_CONSTANT_CONVERSION = YES;
				CLANG_WARN_DEPRECATED_OBJC_IMPLEMENTATIONS = YES;
				CLANG_WARN_DIRECT_OBJC_ISA_USAGE = YES_ERROR;
				CLANG_WARN_DOCUMENTATION_COMMENTS = YES;
				CLANG_WARN_EMPTY_BODY = YES;
				CLANG_WARN_ENUM_CONVERSION = YES;
				CLANG_WARN_INFINITE_RECURSION = YES;
				CLANG_WARN_INT_CONVERSION = YES;
				CLANG_WARN_NON_LITERAL_NULL_CONVERSION = YES;
				CLANG_WARN_OBJC_IMPLICIT_RETAIN_SELF = YES;
				CLANG_WARN_OBJC_LITERAL_CONVERSION = YES;
				CLANG_WARN_OBJC_ROOT_CLASS = YES_ERROR;
				CLANG_WARN_RANGE_LOOP_ANALYSIS = YES;
				CLANG_WARN_STRICT_PROTOTYPES = YES;
				CLANG_WARN_SUSPICIOUS_MOVE = YES;
				CLANG_WARN_UNGUARDED_AVAILABILITY = YES_AGGRESSIVE;
				CLANG_WARN_UNREACHABLE_CODE = YES;
				CLANG_WARN__DUPLICATE_METHOD_MATCH = YES;
				CODE_SIGN_IDENTITY = "iPhone Developer";
				COPY_PHASE_STRIP = NO;
				DEBUG_INFORMATION_FORMAT = "dwarf-with-dsym";
				ENABLE_NS_ASSERTIONS = NO;
				ENABLE_STRICT_OBJC_MSGSEND = YES;
				GCC_C_LANGUAGE_STANDARD = gnu11;
				GCC_NO_COMMON_BLOCKS = YES;
				GCC_WARN_64_TO_32_BIT_CONVERSION = YES;
				GCC_WARN_ABOUT_RETURN_TYPE = YES_ERROR;
				GCC_WARN_UNDECLARED_SELECTOR = YES;
				GCC_WARN_UNINITIALIZED_AUTOS = YES_AGGRESSIVE;
				GCC_WARN_UNUSED_FUNCTION = YES;
				GCC_WARN_UNUSED_VARIABLE = YES;
				IPHONEOS_DEPLOYMENT_TARGET = 12.1;
				MTL_ENABLE_DEBUG_INFO = NO;
				MTL_FAST_MATH = YES;
				SDKROOT = iphoneos;
				SWIFT_COMPILATION_MODE = wholemodule;
				SWIFT_OPTIMIZATION_LEVEL = "-O";
				VALIDATE_PRODUCT = YES;
			};
			name = Release;
		};
		173EE42121E4C41C0025D05B /* Debug */ = {
			isa = XCBuildConfiguration;
			buildSettings = {
				ASSETCATALOG_COMPILER_APPICON_NAME = AppIcon;
				CODE_SIGN_STYLE = Automatic;
				DEVELOPMENT_TEAM = QFKR5D7R9X;
				INFOPLIST_FILE = PageTransitions/Info.plist;
				LD_RUNPATH_SEARCH_PATHS = (
					"$(inherited)",
					"@executable_path/Frameworks",
				);
				PRODUCT_BUNDLE_IDENTIFIER = nl.revs.PageTransitions;
				PRODUCT_NAME = "$(TARGET_NAME)";
				SWIFT_VERSION = 4.2;
				TARGETED_DEVICE_FAMILY = "1,2";
			};
			name = Debug;
		};
		173EE42221E4C41C0025D05B /* Release */ = {
			isa = XCBuildConfiguration;
			buildSettings = {
				ASSETCATALOG_COMPILER_APPICON_NAME = AppIcon;
				CODE_SIGN_STYLE = Automatic;
				DEVELOPMENT_TEAM = QFKR5D7R9X;
				INFOPLIST_FILE = PageTransitions/Info.plist;
				LD_RUNPATH_SEARCH_PATHS = (
					"$(inherited)",
					"@executable_path/Frameworks",
				);
				PRODUCT_BUNDLE_IDENTIFIER = nl.revs.PageTransitions;
				PRODUCT_NAME = "$(TARGET_NAME)";
				SWIFT_VERSION = 4.2;
				TARGETED_DEVICE_FAMILY = "1,2";
			};
			name = Release;
		};
/* End XCBuildConfiguration section */

/* Begin XCConfigurationList section */
		173EE40921E4C41B0025D05B /* Build configuration list for PBXProject "PageTransitions" */ = {
			isa = XCConfigurationList;
			buildConfigurations = (
				173EE41E21E4C41C0025D05B /* Debug */,
				173EE41F21E4C41C0025D05B /* Release */,
			);
			defaultConfigurationIsVisible = 0;
			defaultConfigurationName = Release;
		};
		173EE42021E4C41C0025D05B /* Build configuration list for PBXNativeTarget "PageTransitions" */ = {
			isa = XCConfigurationList;
			buildConfigurations = (
				173EE42121E4C41C0025D05B /* Debug */,
				173EE42221E4C41C0025D05B /* Release */,
			);
			defaultConfigurationIsVisible = 0;
			defaultConfigurationName = Release;
		};
/* End XCConfigurationList section */
	};
	rootObject = 173EE40621E4C41B0025D05B /* Project object */;
}
